
Microsoft Visual Studio Solution File, Format Version 12.00
# Visual Studio Version 17
VisualStudioVersion = 17.8.34330.188
MinimumVisualStudioVersion = 10.0.40219.1
Project("{FAE04EC0-301F-11D3-BF4B-00C04F79EFBC}") = "RestService.API", "RestService.API\RestService.API.csproj", "{DAE94D91-41BA-4B64-A379-8DF685D4EE57}"
EndProject
Global
	GlobalSection(SolutionConfigurationPlatforms) = preSolution
		Debug|Any CPU = Debug|Any CPU
		Release|Any CPU = Release|Any CPU
	EndGlobalSection
	GlobalSection(ProjectConfigurationPlatforms) = postSolution
		{DAE94D91-41BA-4B64-A379-8DF685D4EE57}.Debug|Any CPU.ActiveCfg = Debug|Any CPU
		{DAE94D91-41BA-4B64-A379-8DF685D4EE57}.Debug|Any CPU.Build.0 = Debug|Any CPU
		{DAE94D91-41BA-4B64-A379-8DF685D4EE57}.Release|Any CPU.ActiveCfg = Release|Any CPU
		{DAE94D91-41BA-4B64-A379-8DF685D4EE57}.Release|Any CPU.Build.0 = Release|Any CPU
	EndGlobalSection
	GlobalSection(SolutionProperties) = preSolution
		HideSolutionNode = FALSE
	EndGlobalSection
	GlobalSection(ExtensibilityGlobals) = postSolution
		SolutionGuid = {654F5963-5A58-43E2-9698-20E0BB2D0D71}
	EndGlobalSection
EndGlobal
